
Microsoft Visual Studio Solution File, Format Version 12.00
# Visual Studio 14
VisualStudioVersion = 14.0.25420.1
MinimumVisualStudioVersion = 10.0.40219.1
Project("{FAE04EC0-301F-11D3-BF4B-00C04F79EFBC}") = "eDnevnikDLL", "eDnevnikDLL\eDnevnikDLL.csproj", "{B52A1CB3-8471-41FC-AFBD-2CD0D6C70A50}"
EndProject
Project("{FAE04EC0-301F-11D3-BF4B-00C04F79EFBC}") = "TestDLL", "TestDLL\TestDLL.csproj", "{65FE7131-3E27-4C28-BD92-BB62DCD16670}"
EndProject
Global
	GlobalSection(SolutionConfigurationPlatforms) = preSolution
		Debug|Any CPU = Debug|Any CPU
		Release|Any CPU = Release|Any CPU
	EndGlobalSection
	GlobalSection(ProjectConfigurationPlatforms) = postSolution
		{B52A1CB3-8471-41FC-AFBD-2CD0D6C70A50}.Debug|Any CPU.ActiveCfg = Debug|Any CPU
		{B52A1CB3-8471-41FC-AFBD-2CD0D6C70A50}.Debug|Any CPU.Build.0 = Debug|Any CPU
		{B52A1CB3-8471-41FC-AFBD-2CD0D6C70A50}.Release|Any CPU.ActiveCfg = Release|Any CPU
		{B52A1CB3-8471-41FC-AFBD-2CD0D6C70A50}.Release|Any CPU.Build.0 = Release|Any CPU
		{65FE7131-3E27-4C28-BD92-BB62DCD16670}.Debug|Any CPU.ActiveCfg = Debug|Any CPU
		{65FE7131-3E27-4C28-BD92-BB62DCD16670}.Debug|Any CPU.Build.0 = Debug|Any CPU
		{65FE7131-3E27-4C28-BD92-BB62DCD16670}.Release|Any CPU.ActiveCfg = Release|Any CPU
		{65FE7131-3E27-4C28-BD92-BB62DCD16670}.Release|Any CPU.Build.0 = Release|Any CPU
	EndGlobalSection
	GlobalSection(SolutionProperties) = preSolution
		HideSolutionNode = FALSE
	EndGlobalSection
EndGlobal
